
Microsoft Visual Studio Solution File, Format Version 12.00
# Visual Studio Version 17
VisualStudioVersion = 17.10.35027.167
MinimumVisualStudioVersion = 10.0.40219.1
Project("{9A19103F-16F7-4668-BE54-9A1E7A4F7556}") = "CSharpPlayGround", "CSharpPlayGround\CSharpPlayGround.csproj", "{1B7F6359-FC88-42DF-940A-0085E70578B2}"
EndProject
Project("{9A19103F-16F7-4668-BE54-9A1E7A4F7556}") = "CSharpPlayGround.Test", "CSharpPlayGround.Test\CSharpPlayGround.Test.csproj", "{66B1FBEB-244D-46F5-9759-DDFB30E636DD}"
EndProject
Project("{2150E333-8FDC-42A3-9474-1A3956D46DE8}") = ".github", ".github", "{3EBF716E-E450-4121-BAB8-D030D6008AB0}"
EndProject
Project("{2150E333-8FDC-42A3-9474-1A3956D46DE8}") = "workflow", "workflow", "{3D26CA63-818C-4DD0-A09D-7F1CACF4A698}"
	ProjectSection(SolutionItems) = preProject
		test.yml = test.yml
	EndProjectSection
EndProject
Project("{2150E333-8FDC-42A3-9474-1A3956D46DE8}") = "Solution Items", "Solution Items", "{1C8C5111-3B71-4389-A406-C44FD6DC9911}"
EndProject
Global
	GlobalSection(SolutionConfigurationPlatforms) = preSolution
		Debug|Any CPU = Debug|Any CPU
		Release|Any CPU = Release|Any CPU
	EndGlobalSection
	GlobalSection(ProjectConfigurationPlatforms) = postSolution
		{1B7F6359-FC88-42DF-940A-0085E70578B2}.Debug|Any CPU.ActiveCfg = Debug|Any CPU
		{1B7F6359-FC88-42DF-940A-0085E70578B2}.Debug|Any CPU.Build.0 = Debug|Any CPU
		{1B7F6359-FC88-42DF-940A-0085E70578B2}.Release|Any CPU.ActiveCfg = Release|Any CPU
		{1B7F6359-FC88-42DF-940A-0085E70578B2}.Release|Any CPU.Build.0 = Release|Any CPU
		{66B1FBEB-244D-46F5-9759-DDFB30E636DD}.Debug|Any CPU.ActiveCfg = Debug|Any CPU
		{66B1FBEB-244D-46F5-9759-DDFB30E636DD}.Debug|Any CPU.Build.0 = Debug|Any CPU
		{66B1FBEB-244D-46F5-9759-DDFB30E636DD}.Release|Any CPU.ActiveCfg = Release|Any CPU
		{66B1FBEB-244D-46F5-9759-DDFB30E636DD}.Release|Any CPU.Build.0 = Release|Any CPU
	EndGlobalSection
	GlobalSection(SolutionProperties) = preSolution
		HideSolutionNode = FALSE
	EndGlobalSection
	GlobalSection(NestedProjects) = preSolution
		{3D26CA63-818C-4DD0-A09D-7F1CACF4A698} = {3EBF716E-E450-4121-BAB8-D030D6008AB0}
	EndGlobalSection
	GlobalSection(ExtensibilityGlobals) = postSolution
		SolutionGuid = {A096A0C9-30E4-4683-B846-6CDC15A6FD8C}
	EndGlobalSection
EndGlobal
