
Microsoft Visual Studio Solution File, Format Version 12.00
# Visual Studio Version 17
VisualStudioVersion = 17.10.35027.167
MinimumVisualStudioVersion = 10.0.40219.1
Project("{FAE04EC0-301F-11D3-BF4B-00C04F79EFBC}") = "CSharpPlayGround", "CSharpPlayGround\CSharpPlayGround.csproj", "{1B7F6359-FC88-42DF-940A-0085E70578B2}"
EndProject
Project("{FAE04EC0-301F-11D3-BF4B-00C04F79EFBC}") = "CSharpPlayGround.Test", "CSharpPlayGround.Test\CSharpPlayGround.Test.csproj", "{66B1FBEB-244D-46F5-9759-DDFB30E636DD}"
EndProject
Global
	GlobalSection(SolutionConfigurationPlatforms) = preSolution
		Debug|Any CPU = Debug|Any CPU
		Release|Any CPU = Release|Any CPU
	EndGlobalSection
	GlobalSection(ProjectConfigurationPlatforms) = postSolution
		{1B7F6359-FC88-42DF-940A-0085E70578B2}.Debug|Any CPU.ActiveCfg = Debug|Any CPU
		{1B7F6359-FC88-42DF-940A-0085E70578B2}.Debug|Any CPU.Build.0 = Debug|Any CPU
		{1B7F6359-FC88-42DF-940A-0085E70578B2}.Release|Any CPU.ActiveCfg = Release|Any CPU
		{1B7F6359-FC88-42DF-940A-0085E70578B2}.Release|Any CPU.Build.0 = Release|Any CPU
		{66B1FBEB-244D-46F5-9759-DDFB30E636DD}.Debug|Any CPU.ActiveCfg = Debug|Any CPU
		{66B1FBEB-244D-46F5-9759-DDFB30E636DD}.Debug|Any CPU.Build.0 = Debug|Any CPU
		{66B1FBEB-244D-46F5-9759-DDFB30E636DD}.Release|Any CPU.ActiveCfg = Release|Any CPU
		{66B1FBEB-244D-46F5-9759-DDFB30E636DD}.Release|Any CPU.Build.0 = Release|Any CPU
	EndGlobalSection
	GlobalSection(SolutionProperties) = preSolution
		HideSolutionNode = FALSE
	EndGlobalSection
	GlobalSection(ExtensibilityGlobals) = postSolution
		SolutionGuid = {A096A0C9-30E4-4683-B846-6CDC15A6FD8C}
	EndGlobalSection
EndGlobal
